{
  "version": 4,
  "terraform_version": "0.13.5",
  "serial": 12,
  "lineage": "3c35ddee-a9f3-a328-07b6-6ed21d9a2576",
  "outputs": {},
  "resources": [
    {
      "module": "module.aws_kinesis",
      "mode": "managed",
      "type": "aws_iam_role",
      "name": "firehose-stream-role",
      "provider": "module.aws_kinesis.provider[\"registry.terraform.io/hashicorp/aws\"]",
      "instances": [
        {
          "schema_version": 0,
          "attributes": {
            "arn": "arn:aws:iam::716476130408:role/firehose-stream-role",
            "assume_role_policy": "{\"Version\":\"2012-10-17\",\"Statement\":[{\"Sid\":\"\",\"Effect\":\"Allow\",\"Principal\":{\"Service\":\"firehose.amazonaws.com\"},\"Action\":\"sts:AssumeRole\"}]}",
            "create_date": "2021-02-11T02:13:46Z",
            "description": "",
            "force_detach_policies": false,
            "id": "firehose-stream-role",
            "max_session_duration": 3600,
            "name": "firehose-stream-role",
            "name_prefix": null,
            "path": "/",
            "permissions_boundary": null,
            "tags": null,
            "unique_id": "AROA2NUKOERUDU3U3W2QA"
          },
          "private": "bnVsbA=="
        }
      ]
    },
    {
      "module": "module.aws_kinesis",
      "mode": "managed",
      "type": "aws_iam_role_policy",
      "name": "firehose-stream-policy",
      "provider": "module.aws_kinesis.provider[\"registry.terraform.io/hashicorp/aws\"]",
      "instances": [
        {
          "schema_version": 0,
          "attributes": {
            "id": "firehose-stream-role:firehose-stream-policy",
            "name": "firehose-stream-policy",
            "name_prefix": null,
            "policy": "{\n    \"Version\": \"2012-10-17\",\n    \"Statement\": [\n       {\n            \"Effect\": \"Allow\",\n            \"Action\": \"kinesis:*\",\n            \"Resource\": \"*\"\n        },\n\t    {\n            \"Effect\": \"Allow\",\n            \"Action\": \"s3:*\",\n            \"Resource\": [\n              \"arn:aws:s3:::s3-new-buck-1\",\n              \"arn:aws:s3:::s3-new-buck-1/*\"\n            ]\n      }\n    ]\n}\n",
            "role": "firehose-stream-role"
          },
          "private": "bnVsbA==",
          "dependencies": [
            "module.aws_kinesis.aws_iam_role.firehose-stream-role"
          ]
        }
      ]
    },
    {
      "module": "module.aws_kinesis",
      "mode": "managed",
      "type": "aws_kinesis_firehose_delivery_stream",
      "name": "firehose-stream-new",
      "provider": "module.aws_kinesis.provider[\"registry.terraform.io/hashicorp/aws\"]",
      "instances": [
        {
          "schema_version": 1,
          "attributes": {
            "arn": "arn:aws:firehose:ap-northeast-1:716476130408:deliverystream/firehose-stream-new",
            "destination": "s3",
            "destination_id": "destinationId-000000000001",
            "elasticsearch_configuration": [],
            "extended_s3_configuration": [],
            "http_endpoint_configuration": [],
            "id": "arn:aws:firehose:ap-northeast-1:716476130408:deliverystream/firehose-stream-new",
            "kinesis_source_configuration": [],
            "name": "firehose-stream-new",
            "redshift_configuration": [],
            "s3_configuration": [
              {
                "bucket_arn": "arn:aws:s3:::s3-new-buck-1",
                "buffer_interval": 400,
                "buffer_size": 10,
                "cloudwatch_logging_options": [
                  {
                    "enabled": false,
                    "log_group_name": "",
                    "log_stream_name": ""
                  }
                ],
                "compression_format": "ZIP",
                "kms_key_arn": "",
                "prefix": "",
                "role_arn": "arn:aws:iam::716476130408:role/firehose-stream-role"
              }
            ],
            "server_side_encryption": [
              {
                "enabled": false,
                "key_arn": "",
                "key_type": "AWS_OWNED_CMK"
              }
            ],
            "splunk_configuration": [],
            "tags": null,
            "version_id": "1"
          },
          "private": "eyJzY2hlbWFfdmVyc2lvbiI6IjEifQ==",
          "dependencies": [
            "module.aws_kinesis.aws_iam_role.firehose-stream-role",
            "module.aws_kinesis.aws_s3_bucket.s3-new-buck-1"
          ]
        }
      ]
    },
    {
      "module": "module.aws_kinesis",
      "mode": "managed",
      "type": "aws_s3_bucket",
      "name": "s3-new-buck-1",
      "provider": "module.aws_kinesis.provider[\"registry.terraform.io/hashicorp/aws\"]",
      "instances": [
        {
          "schema_version": 0,
          "attributes": {
            "acceleration_status": "",
            "acl": "private",
            "arn": "arn:aws:s3:::s3-new-buck-1",
            "bucket": "s3-new-buck-1",
            "bucket_domain_name": "s3-new-buck-1.s3.amazonaws.com",
            "bucket_prefix": null,
            "bucket_regional_domain_name": "s3-new-buck-1.s3.ap-northeast-1.amazonaws.com",
            "cors_rule": [],
            "force_destroy": false,
            "grant": [],
            "hosted_zone_id": "Z2M4EHUR26P7ZW",
            "id": "s3-new-buck-1",
            "lifecycle_rule": [],
            "logging": [],
            "object_lock_configuration": [],
            "policy": null,
            "region": "ap-northeast-1",
            "replication_configuration": [],
            "request_payer": "BucketOwner",
            "server_side_encryption_configuration": [],
            "tags": null,
            "versioning": [
              {
                "enabled": false,
                "mfa_delete": false
              }
            ],
            "website": [],
            "website_domain": null,
            "website_endpoint": null
          },
          "private": "bnVsbA=="
        }
      ]
    }
  ]
}
